
Microsoft Visual Studio Solution File, Format Version 12.00
# Visual Studio Version 17
VisualStudioVersion = 17.14.37216.2 d17.14
MinimumVisualStudioVersion = 10.0.40219.1
Project("{FAE04EC0-301F-11D3-BF4B-00C04F79EFBC}") = "ScooterAdmin", "ScooterAdmin\ScooterAdmin.csproj", "{3BB692DD-A4CE-4B7F-A967-84D0D4C9BD40}"
EndProject
Global
	GlobalSection(SolutionConfigurationPlatforms) = preSolution
		Debug|Any CPU = Debug|Any CPU
		Release|Any CPU = Release|Any CPU
	EndGlobalSection
	GlobalSection(ProjectConfigurationPlatforms) = postSolution
		{3BB692DD-A4CE-4B7F-A967-84D0D4C9BD40}.Debug|Any CPU.ActiveCfg = Debug|Any CPU
		{3BB692DD-A4CE-4B7F-A967-84D0D4C9BD40}.Debug|Any CPU.Build.0 = Debug|Any CPU
		{3BB692DD-A4CE-4B7F-A967-84D0D4C9BD40}.Release|Any CPU.ActiveCfg = Release|Any CPU
		{3BB692DD-A4CE-4B7F-A967-84D0D4C9BD40}.Release|Any CPU.Build.0 = Release|Any CPU
	EndGlobalSection
	GlobalSection(SolutionProperties) = preSolution
		HideSolutionNode = FALSE
	EndGlobalSection
	GlobalSection(ExtensibilityGlobals) = postSolution
		SolutionGuid = {967A7E6C-2612-4215-96DA-28DE66BDC059}
	EndGlobalSection
EndGlobal
